
Microsoft Visual Studio Solution File, Format Version 12.00
# Visual Studio Version 17
VisualStudioVersion = 17.7.34018.315
MinimumVisualStudioVersion = 10.0.40219.1
Project("{888888A0-9F3D-457C-B088-3A5042F75D52}") = "storage-sim", "storage-sim.pyproj", "{0D804FCD-8473-4696-88BC-A04657014752}"
EndProject
Project("{888888A0-9F3D-457C-B088-3A5042F75D52}") = "ravens_int", "..\ravens_int\ravens_int.pyproj", "{63C10DD5-4DC2-4985-AEF7-1E21A5826922}"
EndProject
Global
	GlobalSection(SolutionConfigurationPlatforms) = preSolution
		Debug|Any CPU = Debug|Any CPU
		Release|Any CPU = Release|Any CPU
	EndGlobalSection
	GlobalSection(ProjectConfigurationPlatforms) = postSolution
		{0D804FCD-8473-4696-88BC-A04657014752}.Debug|Any CPU.ActiveCfg = Debug|Any CPU
		{0D804FCD-8473-4696-88BC-A04657014752}.Release|Any CPU.ActiveCfg = Release|Any CPU
		{63C10DD5-4DC2-4985-AEF7-1E21A5826922}.Debug|Any CPU.ActiveCfg = Debug|Any CPU
		{63C10DD5-4DC2-4985-AEF7-1E21A5826922}.Release|Any CPU.ActiveCfg = Release|Any CPU
	EndGlobalSection
	GlobalSection(SolutionProperties) = preSolution
		HideSolutionNode = FALSE
	EndGlobalSection
	GlobalSection(ExtensibilityGlobals) = postSolution
		SolutionGuid = {07B1153D-1D3E-46B0-8455-A86977F59D34}
	EndGlobalSection
EndGlobal
