
Microsoft Visual Studio Solution File, Format Version 12.00
# Visual Studio Version 17
VisualStudioVersion = 17.3.32804.467
MinimumVisualStudioVersion = 10.0.40219.1
Project("{888888A0-9F3D-457C-B088-3A5042F75D52}") = "storage-sim", "storage-sim.pyproj", "{4A78FDAF-83A0-4E0A-86F3-D13E012CEF93}"
EndProject
Global
	GlobalSection(SolutionConfigurationPlatforms) = preSolution
		Debug|Any CPU = Debug|Any CPU
		Release|Any CPU = Release|Any CPU
	EndGlobalSection
	GlobalSection(ProjectConfigurationPlatforms) = postSolution
		{4A78FDAF-83A0-4E0A-86F3-D13E012CEF93}.Debug|Any CPU.ActiveCfg = Debug|Any CPU
		{4A78FDAF-83A0-4E0A-86F3-D13E012CEF93}.Release|Any CPU.ActiveCfg = Release|Any CPU
	EndGlobalSection
	GlobalSection(SolutionProperties) = preSolution
		HideSolutionNode = FALSE
	EndGlobalSection
	GlobalSection(ExtensibilityGlobals) = postSolution
		SolutionGuid = {49B1DF8D-2372-4967-AD9E-E134FB85C147}
	EndGlobalSection
EndGlobal
